
Microsoft Visual Studio Solution File, Format Version 12.00
# Visual Studio 15
VisualStudioVersion = 15.0.26823.1
MinimumVisualStudioVersion = 10.0.40219.1
Project("{9A19103F-16F7-4668-BE54-9A1E7A4F7556}") = "Sample", "Sample\Sample.csproj", "{BA394D59-EFF6-4A35-8A7F-D8371828F7D9}"
EndProject
Global
	GlobalSection(SolutionConfigurationPlatforms) = preSolution
		Debug|Any CPU = Debug|Any CPU
		Release|Any CPU = Release|Any CPU
	EndGlobalSection
	GlobalSection(ProjectConfigurationPlatforms) = postSolution
		{BA394D59-EFF6-4A35-8A7F-D8371828F7D9}.Debug|Any CPU.ActiveCfg = Debug|Any CPU
		{BA394D59-EFF6-4A35-8A7F-D8371828F7D9}.Debug|Any CPU.Build.0 = Debug|Any CPU
		{BA394D59-EFF6-4A35-8A7F-D8371828F7D9}.Release|Any CPU.ActiveCfg = Release|Any CPU
		{BA394D59-EFF6-4A35-8A7F-D8371828F7D9}.Release|Any CPU.Build.0 = Release|Any CPU
	EndGlobalSection
	GlobalSection(SolutionProperties) = preSolution
		HideSolutionNode = FALSE
	EndGlobalSection
	GlobalSection(ExtensibilityGlobals) = postSolution
		SolutionGuid = {FCF6E7AE-5454-4C18-9FDC-55B290E7E3F4}
	EndGlobalSection
EndGlobal
